id: loraGS_weak_index
label: weak_index
category: '[loraGS]'

templates:
  imports: import loraGS
  make: loraGS.weak_index(${sf}, ${threshold}, ${preamble_len})

#  Make one 'parameters' list entry for every parameter you want settable from the GUI.
#     Keys include:
#     * id (makes the value accessible as \$keyname, e.g. in the make entry)
#     * label (label shown in the GUI)
#     * dtype (e.g. int, float, complex, byte, short, xxx_vector, ...)
parameters:
-   id: sf
    label: sf
    dtype: int
-   id: threshold
    label: Threshold
    dtype: float
    default: 1e-4
-   id: preamble_len
    label: Preamble length [6-65535]
    dtype: int

inputs:
-   domain: stream
    dtype: complex

outputs:
-   domain: stream
    dtype: complex

#  'file_format' specifies the version of the GRC yml format used in the file
#  and should usually not be changed.
file_format: 1
